
Microsoft Visual Studio Solution File, Format Version 12.00
# Visual Studio Version 16
VisualStudioVersion = 16.0.30406.217
MinimumVisualStudioVersion = 10.0.40219.1
Project("{FAE04EC0-301F-11D3-BF4B-00C04F79EFBC}") = "RazasPerros", "RazasPerros\RazasPerros.csproj", "{4BE4A977-6500-478B-8752-3D33802DAEAC}"
EndProject
Global
	GlobalSection(SolutionConfigurationPlatforms) = preSolution
		Debug|Any CPU = Debug|Any CPU
		Release|Any CPU = Release|Any CPU
	EndGlobalSection
	GlobalSection(ProjectConfigurationPlatforms) = postSolution
		{4BE4A977-6500-478B-8752-3D33802DAEAC}.Debug|Any CPU.ActiveCfg = Debug|Any CPU
		{4BE4A977-6500-478B-8752-3D33802DAEAC}.Debug|Any CPU.Build.0 = Debug|Any CPU
		{4BE4A977-6500-478B-8752-3D33802DAEAC}.Release|Any CPU.ActiveCfg = Release|Any CPU
		{4BE4A977-6500-478B-8752-3D33802DAEAC}.Release|Any CPU.Build.0 = Release|Any CPU
	EndGlobalSection
	GlobalSection(SolutionProperties) = preSolution
		HideSolutionNode = FALSE
	EndGlobalSection
	GlobalSection(ExtensibilityGlobals) = postSolution
		SolutionGuid = {A91F60F2-247B-4400-85B7-1EE0F43D0CE4}
	EndGlobalSection
EndGlobal
